
Microsoft Visual Studio Solution File, Format Version 12.00
# Visual Studio 2013
VisualStudioVersion = 12.0.31101.0
MinimumVisualStudioVersion = 10.0.40219.1
Project("{FAE04EC0-301F-11D3-BF4B-00C04F79EFBC}") = "HelloXamarinForms", "HelloXamarinForms\HelloXamarinForms\HelloXamarinForms.csproj", "{CF688BC4-5748-4DEE-A290-696729528BE1}"
EndProject
Project("{FAE04EC0-301F-11D3-BF4B-00C04F79EFBC}") = "HelloXamarinForms.iOS", "HelloXamarinForms\HelloXamarinForms.iOS\HelloXamarinForms.iOS.csproj", "{F2404AE5-AA9B-46A4-868E-717C5589940B}"
EndProject
Project("{FAE04EC0-301F-11D3-BF4B-00C04F79EFBC}") = "HelloXamarinForms.Droid", "HelloXamarinForms\HelloXamarinForms.Droid\HelloXamarinForms.Droid.csproj", "{02FF8C1B-232C-45B5-B4CC-08FC92A27513}"
EndProject
Project("{FAE04EC0-301F-11D3-BF4B-00C04F79EFBC}") = "HelloXamarinForms.WinPhone", "HelloXamarinForms\HelloXamarinForms.WinPhone\HelloXamarinForms.WinPhone.csproj", "{E988A310-03CF-444B-A7EB-87368B89084D}"
EndProject
Global
	GlobalSection(SolutionConfigurationPlatforms) = preSolution
		Ad-Hoc|Any CPU = Ad-Hoc|Any CPU
		Ad-Hoc|ARM = Ad-Hoc|ARM
		Ad-Hoc|iPhone = Ad-Hoc|iPhone
		Ad-Hoc|iPhoneSimulator = Ad-Hoc|iPhoneSimulator
		Ad-Hoc|Mixed Platforms = Ad-Hoc|Mixed Platforms
		Ad-Hoc|x86 = Ad-Hoc|x86
		AppStore|Any CPU = AppStore|Any CPU
		AppStore|ARM = AppStore|ARM
		AppStore|iPhone = AppStore|iPhone
		AppStore|iPhoneSimulator = AppStore|iPhoneSimulator
		AppStore|Mixed Platforms = AppStore|Mixed Platforms
		AppStore|x86 = AppStore|x86
		Debug|Any CPU = Debug|Any CPU
		Debug|ARM = Debug|ARM
		Debug|iPhone = Debug|iPhone
		Debug|iPhoneSimulator = Debug|iPhoneSimulator
		Debug|Mixed Platforms = Debug|Mixed Platforms
		Debug|x86 = Debug|x86
		Release|Any CPU = Release|Any CPU
		Release|ARM = Release|ARM
		Release|iPhone = Release|iPhone
		Release|iPhoneSimulator = Release|iPhoneSimulator
		Release|Mixed Platforms = Release|Mixed Platforms
		Release|x86 = Release|x86
	EndGlobalSection
	GlobalSection(ProjectConfigurationPlatforms) = postSolution
		{CF688BC4-5748-4DEE-A290-696729528BE1}.Ad-Hoc|Any CPU.ActiveCfg = Release|Any CPU
		{CF688BC4-5748-4DEE-A290-696729528BE1}.Ad-Hoc|Any CPU.Build.0 = Release|Any CPU
		{CF688BC4-5748-4DEE-A290-696729528BE1}.Ad-Hoc|ARM.ActiveCfg = Release|Any CPU
		{CF688BC4-5748-4DEE-A290-696729528BE1}.Ad-Hoc|iPhone.ActiveCfg = Release|Any CPU
		{CF688BC4-5748-4DEE-A290-696729528BE1}.Ad-Hoc|iPhoneSimulator.ActiveCfg = Release|Any CPU
		{CF688BC4-5748-4DEE-A290-696729528BE1}.Ad-Hoc|Mixed Platforms.ActiveCfg = Release|Any CPU
		{CF688BC4-5748-4DEE-A290-696729528BE1}.Ad-Hoc|Mixed Platforms.Build.0 = Release|Any CPU
		{CF688BC4-5748-4DEE-A290-696729528BE1}.Ad-Hoc|x86.ActiveCfg = Release|Any CPU
		{CF688BC4-5748-4DEE-A290-696729528BE1}.AppStore|Any CPU.ActiveCfg = Release|Any CPU
		{CF688BC4-5748-4DEE-A290-696729528BE1}.AppStore|Any CPU.Build.0 = Release|Any CPU
		{CF688BC4-5748-4DEE-A290-696729528BE1}.AppStore|ARM.ActiveCfg = Release|Any CPU
		{CF688BC4-5748-4DEE-A290-696729528BE1}.AppStore|iPhone.ActiveCfg = Release|Any CPU
		{CF688BC4-5748-4DEE-A290-696729528BE1}.AppStore|iPhoneSimulator.ActiveCfg = Release|Any CPU
		{CF688BC4-5748-4DEE-A290-696729528BE1}.AppStore|Mixed Platforms.ActiveCfg = Release|Any CPU
		{CF688BC4-5748-4DEE-A290-696729528BE1}.AppStore|Mixed Platforms.Build.0 = Release|Any CPU
		{CF688BC4-5748-4DEE-A290-696729528BE1}.AppStore|x86.ActiveCfg = Release|Any CPU
		{CF688BC4-5748-4DEE-A290-696729528BE1}.Debug|Any CPU.ActiveCfg = Debug|Any CPU
		{CF688BC4-5748-4DEE-A290-696729528BE1}.Debug|Any CPU.Build.0 = Debug|Any CPU
		{CF688BC4-5748-4DEE-A290-696729528BE1}.Debug|ARM.ActiveCfg = Debug|Any CPU
		{CF688BC4-5748-4DEE-A290-696729528BE1}.Debug|iPhone.ActiveCfg = Debug|Any CPU
		{CF688BC4-5748-4DEE-A290-696729528BE1}.Debug|iPhoneSimulator.ActiveCfg = Debug|Any CPU
		{CF688BC4-5748-4DEE-A290-696729528BE1}.Debug|Mixed Platforms.ActiveCfg = Debug|Any CPU
		{CF688BC4-5748-4DEE-A290-696729528BE1}.Debug|Mixed Platforms.Build.0 = Debug|Any CPU
		{CF688BC4-5748-4DEE-A290-696729528BE1}.Debug|x86.ActiveCfg = Debug|Any CPU
		{CF688BC4-5748-4DEE-A290-696729528BE1}.Release|Any CPU.ActiveCfg = Release|Any CPU
		{CF688BC4-5748-4DEE-A290-696729528BE1}.Release|Any CPU.Build.0 = Release|Any CPU
		{CF688BC4-5748-4DEE-A290-696729528BE1}.Release|ARM.ActiveCfg = Release|Any CPU
		{CF688BC4-5748-4DEE-A290-696729528BE1}.Release|iPhone.ActiveCfg = Release|Any CPU
		{CF688BC4-5748-4DEE-A290-696729528BE1}.Release|iPhoneSimulator.ActiveCfg = Release|Any CPU
		{CF688BC4-5748-4DEE-A290-696729528BE1}.Release|Mixed Platforms.ActiveCfg = Release|Any CPU
		{CF688BC4-5748-4DEE-A290-696729528BE1}.Release|Mixed Platforms.Build.0 = Release|Any CPU
		{CF688BC4-5748-4DEE-A290-696729528BE1}.Release|x86.ActiveCfg = Release|Any CPU
		{F2404AE5-AA9B-46A4-868E-717C5589940B}.Ad-Hoc|Any CPU.ActiveCfg = Ad-Hoc|iPhone
		{F2404AE5-AA9B-46A4-868E-717C5589940B}.Ad-Hoc|ARM.ActiveCfg = Ad-Hoc|iPhone
		{F2404AE5-AA9B-46A4-868E-717C5589940B}.Ad-Hoc|iPhone.ActiveCfg = Ad-Hoc|iPhone
		{F2404AE5-AA9B-46A4-868E-717C5589940B}.Ad-Hoc|iPhone.Build.0 = Ad-Hoc|iPhone
		{F2404AE5-AA9B-46A4-868E-717C5589940B}.Ad-Hoc|iPhoneSimulator.ActiveCfg = Ad-Hoc|iPhoneSimulator
		{F2404AE5-AA9B-46A4-868E-717C5589940B}.Ad-Hoc|iPhoneSimulator.Build.0 = Ad-Hoc|iPhoneSimulator
		{F2404AE5-AA9B-46A4-868E-717C5589940B}.Ad-Hoc|Mixed Platforms.ActiveCfg = Ad-Hoc|iPhone
		{F2404AE5-AA9B-46A4-868E-717C5589940B}.Ad-Hoc|Mixed Platforms.Build.0 = Ad-Hoc|iPhone
		{F2404AE5-AA9B-46A4-868E-717C5589940B}.Ad-Hoc|x86.ActiveCfg = Ad-Hoc|iPhone
		{F2404AE5-AA9B-46A4-868E-717C5589940B}.AppStore|Any CPU.ActiveCfg = AppStore|iPhone
		{F2404AE5-AA9B-46A4-868E-717C5589940B}.AppStore|ARM.ActiveCfg = AppStore|iPhone
		{F2404AE5-AA9B-46A4-868E-717C5589940B}.AppStore|iPhone.ActiveCfg = AppStore|iPhone
		{F2404AE5-AA9B-46A4-868E-717C5589940B}.AppStore|iPhone.Build.0 = AppStore|iPhone
		{F2404AE5-AA9B-46A4-868E-717C5589940B}.AppStore|iPhoneSimulator.ActiveCfg = AppStore|iPhoneSimulator
		{F2404AE5-AA9B-46A4-868E-717C5589940B}.AppStore|iPhoneSimulator.Build.0 = AppStore|iPhoneSimulator
		{F2404AE5-AA9B-46A4-868E-717C5589940B}.AppStore|Mixed Platforms.ActiveCfg = AppStore|iPhone
		{F2404AE5-AA9B-46A4-868E-717C5589940B}.AppStore|Mixed Platforms.Build.0 = AppStore|iPhone
		{F2404AE5-AA9B-46A4-868E-717C5589940B}.AppStore|x86.ActiveCfg = AppStore|iPhone
		{F2404AE5-AA9B-46A4-868E-717C5589940B}.Debug|Any CPU.ActiveCfg = Debug|iPhone
		{F2404AE5-AA9B-46A4-868E-717C5589940B}.Debug|ARM.ActiveCfg = Debug|iPhone
		{F2404AE5-AA9B-46A4-868E-717C5589940B}.Debug|iPhone.ActiveCfg = Debug|iPhone
		{F2404AE5-AA9B-46A4-868E-717C5589940B}.Debug|iPhone.Build.0 = Debug|iPhone
		{F2404AE5-AA9B-46A4-868E-717C5589940B}.Debug|iPhoneSimulator.ActiveCfg = Debug|iPhoneSimulator
		{F2404AE5-AA9B-46A4-868E-717C5589940B}.Debug|iPhoneSimulator.Build.0 = Debug|iPhoneSimulator
		{F2404AE5-AA9B-46A4-868E-717C5589940B}.Debug|Mixed Platforms.ActiveCfg = Debug|iPhone
		{F2404AE5-AA9B-46A4-868E-717C5589940B}.Debug|Mixed Platforms.Build.0 = Debug|iPhone
		{F2404AE5-AA9B-46A4-868E-717C5589940B}.Debug|x86.ActiveCfg = Debug|iPhone
		{F2404AE5-AA9B-46A4-868E-717C5589940B}.Release|Any CPU.ActiveCfg = Release|iPhone
		{F2404AE5-AA9B-46A4-868E-717C5589940B}.Release|ARM.ActiveCfg = Release|iPhone
		{F2404AE5-AA9B-46A4-868E-717C5589940B}.Release|iPhone.ActiveCfg = Release|iPhone
		{F2404AE5-AA9B-46A4-868E-717C5589940B}.Release|iPhone.Build.0 = Release|iPhone
		{F2404AE5-AA9B-46A4-868E-717C5589940B}.Release|iPhoneSimulator.ActiveCfg = Release|iPhoneSimulator
		{F2404AE5-AA9B-46A4-868E-717C5589940B}.Release|iPhoneSimulator.Build.0 = Release|iPhoneSimulator
		{F2404AE5-AA9B-46A4-868E-717C5589940B}.Release|Mixed Platforms.ActiveCfg = Release|iPhone
		{F2404AE5-AA9B-46A4-868E-717C5589940B}.Release|Mixed Platforms.Build.0 = Release|iPhone
		{F2404AE5-AA9B-46A4-868E-717C5589940B}.Release|x86.ActiveCfg = Release|iPhone
		{02FF8C1B-232C-45B5-B4CC-08FC92A27513}.Ad-Hoc|Any CPU.ActiveCfg = Release|Any CPU
		{02FF8C1B-232C-45B5-B4CC-08FC92A27513}.Ad-Hoc|Any CPU.Build.0 = Release|Any CPU
		{02FF8C1B-232C-45B5-B4CC-08FC92A27513}.Ad-Hoc|Any CPU.Deploy.0 = Release|Any CPU
		{02FF8C1B-232C-45B5-B4CC-08FC92A27513}.Ad-Hoc|ARM.ActiveCfg = Release|Any CPU
		{02FF8C1B-232C-45B5-B4CC-08FC92A27513}.Ad-Hoc|iPhone.ActiveCfg = Release|Any CPU
		{02FF8C1B-232C-45B5-B4CC-08FC92A27513}.Ad-Hoc|iPhoneSimulator.ActiveCfg = Release|Any CPU
		{02FF8C1B-232C-45B5-B4CC-08FC92A27513}.Ad-Hoc|Mixed Platforms.ActiveCfg = Release|Any CPU
		{02FF8C1B-232C-45B5-B4CC-08FC92A27513}.Ad-Hoc|Mixed Platforms.Build.0 = Release|Any CPU
		{02FF8C1B-232C-45B5-B4CC-08FC92A27513}.Ad-Hoc|Mixed Platforms.Deploy.0 = Release|Any CPU
		{02FF8C1B-232C-45B5-B4CC-08FC92A27513}.Ad-Hoc|x86.ActiveCfg = Release|Any CPU
		{02FF8C1B-232C-45B5-B4CC-08FC92A27513}.AppStore|Any CPU.ActiveCfg = Release|Any CPU
		{02FF8C1B-232C-45B5-B4CC-08FC92A27513}.AppStore|Any CPU.Build.0 = Release|Any CPU
		{02FF8C1B-232C-45B5-B4CC-08FC92A27513}.AppStore|Any CPU.Deploy.0 = Release|Any CPU
		{02FF8C1B-232C-45B5-B4CC-08FC92A27513}.AppStore|ARM.ActiveCfg = Release|Any CPU
		{02FF8C1B-232C-45B5-B4CC-08FC92A27513}.AppStore|iPhone.ActiveCfg = Release|Any CPU
		{02FF8C1B-232C-45B5-B4CC-08FC92A27513}.AppStore|iPhoneSimulator.ActiveCfg = Release|Any CPU
		{02FF8C1B-232C-45B5-B4CC-08FC92A27513}.AppStore|Mixed Platforms.ActiveCfg = Release|Any CPU
		{02FF8C1B-232C-45B5-B4CC-08FC92A27513}.AppStore|Mixed Platforms.Build.0 = Release|Any CPU
		{02FF8C1B-232C-45B5-B4CC-08FC92A27513}.AppStore|Mixed Platforms.Deploy.0 = Release|Any CPU
		{02FF8C1B-232C-45B5-B4CC-08FC92A27513}.AppStore|x86.ActiveCfg = Release|Any CPU
		{02FF8C1B-232C-45B5-B4CC-08FC92A27513}.Debug|Any CPU.ActiveCfg = Debug|Any CPU
		{02FF8C1B-232C-45B5-B4CC-08FC92A27513}.Debug|Any CPU.Build.0 = Debug|Any CPU
		{02FF8C1B-232C-45B5-B4CC-08FC92A27513}.Debug|Any CPU.Deploy.0 = Debug|Any CPU
		{02FF8C1B-232C-45B5-B4CC-08FC92A27513}.Debug|ARM.ActiveCfg = Debug|Any CPU
		{02FF8C1B-232C-45B5-B4CC-08FC92A27513}.Debug|iPhone.ActiveCfg = Debug|Any CPU
		{02FF8C1B-232C-45B5-B4CC-08FC92A27513}.Debug|iPhoneSimulator.ActiveCfg = Debug|Any CPU
		{02FF8C1B-232C-45B5-B4CC-08FC92A27513}.Debug|Mixed Platforms.ActiveCfg = Debug|Any CPU
		{02FF8C1B-232C-45B5-B4CC-08FC92A27513}.Debug|Mixed Platforms.Build.0 = Debug|Any CPU
		{02FF8C1B-232C-45B5-B4CC-08FC92A27513}.Debug|Mixed Platforms.Deploy.0 = Debug|Any CPU
		{02FF8C1B-232C-45B5-B4CC-08FC92A27513}.Debug|x86.ActiveCfg = Debug|Any CPU
		{02FF8C1B-232C-45B5-B4CC-08FC92A27513}.Release|Any CPU.ActiveCfg = Release|Any CPU
		{02FF8C1B-232C-45B5-B4CC-08FC92A27513}.Release|Any CPU.Build.0 = Release|Any CPU
		{02FF8C1B-232C-45B5-B4CC-08FC92A27513}.Release|Any CPU.Deploy.0 = Release|Any CPU
		{02FF8C1B-232C-45B5-B4CC-08FC92A27513}.Release|ARM.ActiveCfg = Release|Any CPU
		{02FF8C1B-232C-45B5-B4CC-08FC92A27513}.Release|iPhone.ActiveCfg = Release|Any CPU
		{02FF8C1B-232C-45B5-B4CC-08FC92A27513}.Release|iPhoneSimulator.ActiveCfg = Release|Any CPU
		{02FF8C1B-232C-45B5-B4CC-08FC92A27513}.Release|Mixed Platforms.ActiveCfg = Release|Any CPU
		{02FF8C1B-232C-45B5-B4CC-08FC92A27513}.Release|Mixed Platforms.Build.0 = Release|Any CPU
		{02FF8C1B-232C-45B5-B4CC-08FC92A27513}.Release|Mixed Platforms.Deploy.0 = Release|Any CPU
		{02FF8C1B-232C-45B5-B4CC-08FC92A27513}.Release|x86.ActiveCfg = Release|Any CPU
		{E988A310-03CF-444B-A7EB-87368B89084D}.Ad-Hoc|Any CPU.ActiveCfg = Release|Any CPU
		{E988A310-03CF-444B-A7EB-87368B89084D}.Ad-Hoc|Any CPU.Build.0 = Release|Any CPU
		{E988A310-03CF-444B-A7EB-87368B89084D}.Ad-Hoc|Any CPU.Deploy.0 = Release|Any CPU
		{E988A310-03CF-444B-A7EB-87368B89084D}.Ad-Hoc|ARM.ActiveCfg = Release|ARM
		{E988A310-03CF-444B-A7EB-87368B89084D}.Ad-Hoc|ARM.Build.0 = Release|ARM
		{E988A310-03CF-444B-A7EB-87368B89084D}.Ad-Hoc|ARM.Deploy.0 = Release|ARM
		{E988A310-03CF-444B-A7EB-87368B89084D}.Ad-Hoc|iPhone.ActiveCfg = Release|Any CPU
		{E988A310-03CF-444B-A7EB-87368B89084D}.Ad-Hoc|iPhoneSimulator.ActiveCfg = Release|Any CPU
		{E988A310-03CF-444B-A7EB-87368B89084D}.Ad-Hoc|Mixed Platforms.ActiveCfg = Release|x86
		{E988A310-03CF-444B-A7EB-87368B89084D}.Ad-Hoc|Mixed Platforms.Build.0 = Release|x86
		{E988A310-03CF-444B-A7EB-87368B89084D}.Ad-Hoc|Mixed Platforms.Deploy.0 = Release|x86
		{E988A310-03CF-444B-A7EB-87368B89084D}.Ad-Hoc|x86.ActiveCfg = Release|x86
		{E988A310-03CF-444B-A7EB-87368B89084D}.Ad-Hoc|x86.Build.0 = Release|x86
		{E988A310-03CF-444B-A7EB-87368B89084D}.Ad-Hoc|x86.Deploy.0 = Release|x86
		{E988A310-03CF-444B-A7EB-87368B89084D}.AppStore|Any CPU.ActiveCfg = Release|Any CPU
		{E988A310-03CF-444B-A7EB-87368B89084D}.AppStore|Any CPU.Build.0 = Release|Any CPU
		{E988A310-03CF-444B-A7EB-87368B89084D}.AppStore|Any CPU.Deploy.0 = Release|Any CPU
		{E988A310-03CF-444B-A7EB-87368B89084D}.AppStore|ARM.ActiveCfg = Release|ARM
		{E988A310-03CF-444B-A7EB-87368B89084D}.AppStore|ARM.Build.0 = Release|ARM
		{E988A310-03CF-444B-A7EB-87368B89084D}.AppStore|ARM.Deploy.0 = Release|ARM
		{E988A310-03CF-444B-A7EB-87368B89084D}.AppStore|iPhone.ActiveCfg = Release|Any CPU
		{E988A310-03CF-444B-A7EB-87368B89084D}.AppStore|iPhoneSimulator.ActiveCfg = Release|Any CPU
		{E988A310-03CF-444B-A7EB-87368B89084D}.AppStore|Mixed Platforms.ActiveCfg = Release|x86
		{E988A310-03CF-444B-A7EB-87368B89084D}.AppStore|Mixed Platforms.Build.0 = Release|x86
		{E988A310-03CF-444B-A7EB-87368B89084D}.AppStore|Mixed Platforms.Deploy.0 = Release|x86
		{E988A310-03CF-444B-A7EB-87368B89084D}.AppStore|x86.ActiveCfg = Release|x86
		{E988A310-03CF-444B-A7EB-87368B89084D}.AppStore|x86.Build.0 = Release|x86
		{E988A310-03CF-444B-A7EB-87368B89084D}.AppStore|x86.Deploy.0 = Release|x86
		{E988A310-03CF-444B-A7EB-87368B89084D}.Debug|Any CPU.ActiveCfg = Debug|Any CPU
		{E988A310-03CF-444B-A7EB-87368B89084D}.Debug|Any CPU.Build.0 = Debug|Any CPU
		{E988A310-03CF-444B-A7EB-87368B89084D}.Debug|Any CPU.Deploy.0 = Debug|Any CPU
		{E988A310-03CF-444B-A7EB-87368B89084D}.Debug|ARM.ActiveCfg = Debug|ARM
		{E988A310-03CF-444B-A7EB-87368B89084D}.Debug|ARM.Build.0 = Debug|ARM
		{E988A310-03CF-444B-A7EB-87368B89084D}.Debug|ARM.Deploy.0 = Debug|ARM
		{E988A310-03CF-444B-A7EB-87368B89084D}.Debug|iPhone.ActiveCfg = Debug|Any CPU
		{E988A310-03CF-444B-A7EB-87368B89084D}.Debug|iPhoneSimulator.ActiveCfg = Debug|Any CPU
		{E988A310-03CF-444B-A7EB-87368B89084D}.Debug|Mixed Platforms.ActiveCfg = Debug|x86
		{E988A310-03CF-444B-A7EB-87368B89084D}.Debug|Mixed Platforms.Build.0 = Debug|x86
		{E988A310-03CF-444B-A7EB-87368B89084D}.Debug|Mixed Platforms.Deploy.0 = Debug|x86
		{E988A310-03CF-444B-A7EB-87368B89084D}.Debug|x86.ActiveCfg = Debug|x86
		{E988A310-03CF-444B-A7EB-87368B89084D}.Debug|x86.Build.0 = Debug|x86
		{E988A310-03CF-444B-A7EB-87368B89084D}.Debug|x86.Deploy.0 = Debug|x86
		{E988A310-03CF-444B-A7EB-87368B89084D}.Release|Any CPU.ActiveCfg = Release|Any CPU
		{E988A310-03CF-444B-A7EB-87368B89084D}.Release|Any CPU.Build.0 = Release|Any CPU
		{E988A310-03CF-444B-A7EB-87368B89084D}.Release|Any CPU.Deploy.0 = Release|Any CPU
		{E988A310-03CF-444B-A7EB-87368B89084D}.Release|ARM.ActiveCfg = Release|ARM
		{E988A310-03CF-444B-A7EB-87368B89084D}.Release|ARM.Build.0 = Release|ARM
		{E988A310-03CF-444B-A7EB-87368B89084D}.Release|ARM.Deploy.0 = Release|ARM
		{E988A310-03CF-444B-A7EB-87368B89084D}.Release|iPhone.ActiveCfg = Release|Any CPU
		{E988A310-03CF-444B-A7EB-87368B89084D}.Release|iPhoneSimulator.ActiveCfg = Release|Any CPU
		{E988A310-03CF-444B-A7EB-87368B89084D}.Release|Mixed Platforms.ActiveCfg = Release|x86
		{E988A310-03CF-444B-A7EB-87368B89084D}.Release|Mixed Platforms.Build.0 = Release|x86
		{E988A310-03CF-444B-A7EB-87368B89084D}.Release|Mixed Platforms.Deploy.0 = Release|x86
		{E988A310-03CF-444B-A7EB-87368B89084D}.Release|x86.ActiveCfg = Release|x86
		{E988A310-03CF-444B-A7EB-87368B89084D}.Release|x86.Build.0 = Release|x86
		{E988A310-03CF-444B-A7EB-87368B89084D}.Release|x86.Deploy.0 = Release|x86
	EndGlobalSection
	GlobalSection(SolutionProperties) = preSolution
		HideSolutionNode = FALSE
	EndGlobalSection
EndGlobal
